
Microsoft Visual Studio Solution File, Format Version 12.00
# Visual Studio Version 16
VisualStudioVersion = 16.0.29424.173
MinimumVisualStudioVersion = 10.0.40219.1
Project("{2150E333-8FDC-42A3-9474-1A3956D46DE8}") = "API-01", "API-01", "{A6FC9DE8-C0D0-4C1E-B9B7-2F8B7C3FF13D}"
EndProject
Project("{9A19103F-16F7-4668-BE54-9A1E7A4F7556}") = "APIWhoSayNi", "APIWhoSayNi\APIWhoSayNi.csproj", "{A637E521-B6A8-4C01-8D21-E44AE56C839E}"
EndProject
Project("{2150E333-8FDC-42A3-9474-1A3956D46DE8}") = "API-02", "API-02", "{EBD30925-249B-4490-88BE-A9FA34260AB8}"
EndProject
Project("{9A19103F-16F7-4668-BE54-9A1E7A4F7556}") = "APIClient", "APIClient\APIClient.csproj", "{6B392E0F-E09E-46D8-AF93-874848E84E0B}"
EndProject
Project("{2150E333-8FDC-42A3-9474-1A3956D46DE8}") = "Commons", "Commons", "{E36BD437-95D1-4F68-8C15-64F792B96ACE}"
EndProject
Project("{FAE04EC0-301F-11D3-BF4B-00C04F79EFBC}") = "API.Commons", "API.Commons\API.Commons.csproj", "{6FCA45D8-1FE7-4AF7-8CCD-8752A0DB2B77}"
EndProject
Global
	GlobalSection(SolutionConfigurationPlatforms) = preSolution
		Debug|Any CPU = Debug|Any CPU
		Release|Any CPU = Release|Any CPU
	EndGlobalSection
	GlobalSection(ProjectConfigurationPlatforms) = postSolution
		{A637E521-B6A8-4C01-8D21-E44AE56C839E}.Debug|Any CPU.ActiveCfg = Debug|Any CPU
		{A637E521-B6A8-4C01-8D21-E44AE56C839E}.Debug|Any CPU.Build.0 = Debug|Any CPU
		{A637E521-B6A8-4C01-8D21-E44AE56C839E}.Release|Any CPU.ActiveCfg = Release|Any CPU
		{A637E521-B6A8-4C01-8D21-E44AE56C839E}.Release|Any CPU.Build.0 = Release|Any CPU
		{6B392E0F-E09E-46D8-AF93-874848E84E0B}.Debug|Any CPU.ActiveCfg = Debug|Any CPU
		{6B392E0F-E09E-46D8-AF93-874848E84E0B}.Debug|Any CPU.Build.0 = Debug|Any CPU
		{6B392E0F-E09E-46D8-AF93-874848E84E0B}.Release|Any CPU.ActiveCfg = Release|Any CPU
		{6B392E0F-E09E-46D8-AF93-874848E84E0B}.Release|Any CPU.Build.0 = Release|Any CPU
		{6FCA45D8-1FE7-4AF7-8CCD-8752A0DB2B77}.Debug|Any CPU.ActiveCfg = Debug|Any CPU
		{6FCA45D8-1FE7-4AF7-8CCD-8752A0DB2B77}.Debug|Any CPU.Build.0 = Debug|Any CPU
		{6FCA45D8-1FE7-4AF7-8CCD-8752A0DB2B77}.Release|Any CPU.ActiveCfg = Release|Any CPU
		{6FCA45D8-1FE7-4AF7-8CCD-8752A0DB2B77}.Release|Any CPU.Build.0 = Release|Any CPU
	EndGlobalSection
	GlobalSection(SolutionProperties) = preSolution
		HideSolutionNode = FALSE
	EndGlobalSection
	GlobalSection(NestedProjects) = preSolution
		{A637E521-B6A8-4C01-8D21-E44AE56C839E} = {A6FC9DE8-C0D0-4C1E-B9B7-2F8B7C3FF13D}
		{6B392E0F-E09E-46D8-AF93-874848E84E0B} = {EBD30925-249B-4490-88BE-A9FA34260AB8}
		{6FCA45D8-1FE7-4AF7-8CCD-8752A0DB2B77} = {E36BD437-95D1-4F68-8C15-64F792B96ACE}
	EndGlobalSection
	GlobalSection(ExtensibilityGlobals) = postSolution
		SolutionGuid = {A40A4AAA-94FA-404B-8962-86FEFF18C11E}
	EndGlobalSection
EndGlobal
